
Microsoft Visual Studio Solution File, Format Version 12.00
# Visual Studio Version 17
VisualStudioVersion = 17.3.32929.385
MinimumVisualStudioVersion = 10.0.40219.1
Project("{9A19103F-16F7-4668-BE54-9A1E7A4F7556}") = "HomieGainz.Api.Users", "HomieGainz.Api.Users\HomieGainz.Api.Users.csproj", "{FAEB8FAD-9DFE-4A4F-9963-DEFC101CA8CC}"
EndProject
Project("{9A19103F-16F7-4668-BE54-9A1E7A4F7556}") = "HomieGainz.Api.Meals", "HomieGainz.Api.Meals\HomieGainz.Api.Meals.csproj", "{CA3F63A8-A1B4-4250-AFF3-53ADEFD19A86}"
EndProject
Project("{9A19103F-16F7-4668-BE54-9A1E7A4F7556}") = "HomieGainz.ApplicationDb", "HomieGainz.UserMeals\HomieGainz.ApplicationDb.csproj", "{4A4CCAE1-9AA8-440E-8385-25B9B665CFF3}"
EndProject
Project("{FAE04EC0-301F-11D3-BF4B-00C04F79EFBC}") = "HomieGainz.Api.Workout", "HomieGainz.Api.Workout\HomieGainz.Api.Workout.csproj", "{BC30B5B2-1B5D-498F-B85D-573FBA8DF8B1}"
EndProject
Global
	GlobalSection(SolutionConfigurationPlatforms) = preSolution
		Debug|Any CPU = Debug|Any CPU
		Release|Any CPU = Release|Any CPU
	EndGlobalSection
	GlobalSection(ProjectConfigurationPlatforms) = postSolution
		{FAEB8FAD-9DFE-4A4F-9963-DEFC101CA8CC}.Debug|Any CPU.ActiveCfg = Debug|Any CPU
		{FAEB8FAD-9DFE-4A4F-9963-DEFC101CA8CC}.Debug|Any CPU.Build.0 = Debug|Any CPU
		{FAEB8FAD-9DFE-4A4F-9963-DEFC101CA8CC}.Release|Any CPU.ActiveCfg = Release|Any CPU
		{FAEB8FAD-9DFE-4A4F-9963-DEFC101CA8CC}.Release|Any CPU.Build.0 = Release|Any CPU
		{CA3F63A8-A1B4-4250-AFF3-53ADEFD19A86}.Debug|Any CPU.ActiveCfg = Debug|Any CPU
		{CA3F63A8-A1B4-4250-AFF3-53ADEFD19A86}.Debug|Any CPU.Build.0 = Debug|Any CPU
		{CA3F63A8-A1B4-4250-AFF3-53ADEFD19A86}.Release|Any CPU.ActiveCfg = Release|Any CPU
		{CA3F63A8-A1B4-4250-AFF3-53ADEFD19A86}.Release|Any CPU.Build.0 = Release|Any CPU
		{4A4CCAE1-9AA8-440E-8385-25B9B665CFF3}.Debug|Any CPU.ActiveCfg = Debug|Any CPU
		{4A4CCAE1-9AA8-440E-8385-25B9B665CFF3}.Debug|Any CPU.Build.0 = Debug|Any CPU
		{4A4CCAE1-9AA8-440E-8385-25B9B665CFF3}.Release|Any CPU.ActiveCfg = Release|Any CPU
		{4A4CCAE1-9AA8-440E-8385-25B9B665CFF3}.Release|Any CPU.Build.0 = Release|Any CPU
		{BC30B5B2-1B5D-498F-B85D-573FBA8DF8B1}.Debug|Any CPU.ActiveCfg = Debug|Any CPU
		{BC30B5B2-1B5D-498F-B85D-573FBA8DF8B1}.Debug|Any CPU.Build.0 = Debug|Any CPU
		{BC30B5B2-1B5D-498F-B85D-573FBA8DF8B1}.Release|Any CPU.ActiveCfg = Release|Any CPU
		{BC30B5B2-1B5D-498F-B85D-573FBA8DF8B1}.Release|Any CPU.Build.0 = Release|Any CPU
	EndGlobalSection
	GlobalSection(SolutionProperties) = preSolution
		HideSolutionNode = FALSE
	EndGlobalSection
	GlobalSection(ExtensibilityGlobals) = postSolution
		SolutionGuid = {35F65900-175E-4776-97E3-FF9BEFCC9F1E}
	EndGlobalSection
EndGlobal
